# This file is autogenerated, do not edit; changes may be undone by the next 'dep ensure'.


[[projects]]
  branch = "master"
  digest = "1:f2fdf35b46f6b2210f3d6ed2c8fcd7b274504c16b806c4c00b6251855852081f"
  name = "golang.org/x/crypto"
  packages = [
    "argon2",
    "bcrypt",
    "blake2b",
    "blowfish",
    "pbkdf2",
    "scrypt",
  ]
  pruneopts = "UT"
  revision = "a92615f3c49003920a58dedcf32cf55022cefb8d"

[[projects]]
  branch = "master"
  digest = "1:8392490b249a3602a13813be12324d3b16eca044ae185ff32cdd9e267706e208"
  name = "golang.org/x/sys"
  packages = ["cpu"]
  pruneopts = "UT"
  revision = "fa43e7bc11baaae89f3f902b2b4d832b68234844"

[[projects]]
  digest = "1:174d05aec0155083f9b461f21a0a5c94f396c3cdb44f62445009ca05eef1372b"
  name = "gopkg.in/hlandau/easymetric.v1"
  packages = ["cexp"]
  pruneopts = "UT"
  revision = "1c173222e345c2ba115e0f483821c6da2d3b0fa9"
  version = "v1.0.0"

[[projects]]
  digest = "1:7bd63ad360d64ba912bee8cbcafe8ffe63e7cb800c8d49d76ed709f2bb8ba103"
  name = "gopkg.in/hlandau/measurable.v1"
  packages = ["."]
  pruneopts = "UT"
  revision = "d96a009bd9bda94dd1294105e67e8c1794e533d3"
  version = "v1.0.1"

[solve-meta]
  analyzer-name = "dep"
  analyzer-version = 1
  input-imports = [
    "golang.org/x/crypto/argon2",
    "golang.org/x/crypto/bcrypt",
    "golang.org/x/crypto/scrypt",
    "gopkg.in/hlandau/easymetric.v1/cexp",
  ]
  solver-name = "gps-cdcl"
  solver-version = 1
